
Microsoft Visual Studio Solution File, Format Version 12.00
# Visual Studio Version 16
VisualStudioVersion = 16.0.30907.101
MinimumVisualStudioVersion = 10.0.40219.1
Project("{FAE04EC0-301F-11D3-BF4B-00C04F79EFBC}") = "GUI", "GUI\GUI.csproj", "{F8EAB88C-C089-4AD3-954B-6456434CDC92}"
EndProject
Project("{FAE04EC0-301F-11D3-BF4B-00C04F79EFBC}") = "DTO", "DTO\DTO.csproj", "{9A5409CC-CEB8-47D9-80EF-5478D1C704E0}"
EndProject
Project("{FAE04EC0-301F-11D3-BF4B-00C04F79EFBC}") = "DAL", "DAL\DAL.csproj", "{DCAB651C-DC46-46C0-8068-D73BD5ADACF7}"
EndProject
Project("{FAE04EC0-301F-11D3-BF4B-00C04F79EFBC}") = "BUS", "BUSS\BUS.csproj", "{FC650089-17DF-4F7E-942B-D5E9AA049A52}"
EndProject
Global
	GlobalSection(SolutionConfigurationPlatforms) = preSolution
		Debug|Any CPU = Debug|Any CPU
		Release|Any CPU = Release|Any CPU
	EndGlobalSection
	GlobalSection(ProjectConfigurationPlatforms) = postSolution
		{F8EAB88C-C089-4AD3-954B-6456434CDC92}.Debug|Any CPU.ActiveCfg = Debug|Any CPU
		{F8EAB88C-C089-4AD3-954B-6456434CDC92}.Debug|Any CPU.Build.0 = Debug|Any CPU
		{F8EAB88C-C089-4AD3-954B-6456434CDC92}.Release|Any CPU.ActiveCfg = Release|Any CPU
		{F8EAB88C-C089-4AD3-954B-6456434CDC92}.Release|Any CPU.Build.0 = Release|Any CPU
		{9A5409CC-CEB8-47D9-80EF-5478D1C704E0}.Debug|Any CPU.ActiveCfg = Debug|Any CPU
		{9A5409CC-CEB8-47D9-80EF-5478D1C704E0}.Debug|Any CPU.Build.0 = Debug|Any CPU
		{9A5409CC-CEB8-47D9-80EF-5478D1C704E0}.Release|Any CPU.ActiveCfg = Release|Any CPU
		{9A5409CC-CEB8-47D9-80EF-5478D1C704E0}.Release|Any CPU.Build.0 = Release|Any CPU
		{DCAB651C-DC46-46C0-8068-D73BD5ADACF7}.Debug|Any CPU.ActiveCfg = Debug|Any CPU
		{DCAB651C-DC46-46C0-8068-D73BD5ADACF7}.Debug|Any CPU.Build.0 = Debug|Any CPU
		{DCAB651C-DC46-46C0-8068-D73BD5ADACF7}.Release|Any CPU.ActiveCfg = Release|Any CPU
		{DCAB651C-DC46-46C0-8068-D73BD5ADACF7}.Release|Any CPU.Build.0 = Release|Any CPU
		{FC650089-17DF-4F7E-942B-D5E9AA049A52}.Debug|Any CPU.ActiveCfg = Debug|Any CPU
		{FC650089-17DF-4F7E-942B-D5E9AA049A52}.Debug|Any CPU.Build.0 = Debug|Any CPU
		{FC650089-17DF-4F7E-942B-D5E9AA049A52}.Release|Any CPU.ActiveCfg = Release|Any CPU
		{FC650089-17DF-4F7E-942B-D5E9AA049A52}.Release|Any CPU.Build.0 = Release|Any CPU
	EndGlobalSection
	GlobalSection(SolutionProperties) = preSolution
		HideSolutionNode = FALSE
	EndGlobalSection
	GlobalSection(ExtensibilityGlobals) = postSolution
		SolutionGuid = {DEF67572-70A5-44C9-B8CC-21C815B30BB3}
	EndGlobalSection
EndGlobal
